
Microsoft Visual Studio Solution File, Format Version 12.00
# Visual Studio Version 17
VisualStudioVersion = 17.10.35122.118
MinimumVisualStudioVersion = 10.0.40219.1
Project("{FAE04EC0-301F-11D3-BF4B-00C04F79EFBC}") = "PetstoreApi.Contracts", "src\PetstoreApi.Contracts\PetstoreApi.Contracts.csproj", "{FBC8EA8C-689A-4EC6-9995-266C4FCD5502}"
EndProject
Project("{FAE04EC0-301F-11D3-BF4B-00C04F79EFBC}") = "PetstoreApi", "src\PetstoreApi\PetstoreApi.csproj", "{F4B97181-1609-4C9C-94E3-DB8A82F37616}"
EndProject
Global
    GlobalSection(SolutionConfigurationPlatforms) = preSolution
        Debug|Any CPU = Debug|Any CPU
        Release|Any CPU = Release|Any CPU
    EndGlobalSection
    GlobalSection(ProjectConfigurationPlatforms) = postSolution
        {FBC8EA8C-689A-4EC6-9995-266C4FCD5502}.Debug|Any CPU.ActiveCfg = Debug|Any CPU
        {FBC8EA8C-689A-4EC6-9995-266C4FCD5502}.Debug|Any CPU.Build.0 = Debug|Any CPU
        {FBC8EA8C-689A-4EC6-9995-266C4FCD5502}.Release|Any CPU.ActiveCfg = Release|Any CPU
        {FBC8EA8C-689A-4EC6-9995-266C4FCD5502}.Release|Any CPU.Build.0 = Release|Any CPU
        {F4B97181-1609-4C9C-94E3-DB8A82F37616}.Debug|Any CPU.ActiveCfg = Debug|Any CPU
        {F4B97181-1609-4C9C-94E3-DB8A82F37616}.Debug|Any CPU.Build.0 = Debug|Any CPU
        {F4B97181-1609-4C9C-94E3-DB8A82F37616}.Release|Any CPU.ActiveCfg = Release|Any CPU
        {F4B97181-1609-4C9C-94E3-DB8A82F37616}.Release|Any CPU.Build.0 = Release|Any CPU
    EndGlobalSection
    GlobalSection(SolutionProperties) = preSolution
        HideSolutionNode = FALSE
    EndGlobalSection
    GlobalSection(ExtensibilityGlobals) = postSolution
        SolutionGuid = {0282563B-2C18-4B30-9E97-49875919BAB4}
    EndGlobalSection
EndGlobal
