
Microsoft Visual Studio Solution File, Format Version 12.00
# Visual Studio Version 17
VisualStudioVersion = 17.10.35122.118
MinimumVisualStudioVersion = 10.0.40219.1
Project("{FAE04EC0-301F-11D3-BF4B-00C04F79EFBC}") = "PetstoreApi", "src\PetstoreApi\PetstoreApi.csproj", "{D3AA15CE-88D3-4FF4-9DD8-29A7C4FD56F7}"
EndProject
Global
    GlobalSection(SolutionConfigurationPlatforms) = preSolution
        Debug|Any CPU = Debug|Any CPU
        Release|Any CPU = Release|Any CPU
    EndGlobalSection
    GlobalSection(ProjectConfigurationPlatforms) = postSolution
        {D3AA15CE-88D3-4FF4-9DD8-29A7C4FD56F7}.Debug|Any CPU.ActiveCfg = Debug|Any CPU
        {D3AA15CE-88D3-4FF4-9DD8-29A7C4FD56F7}.Debug|Any CPU.Build.0 = Debug|Any CPU
        {D3AA15CE-88D3-4FF4-9DD8-29A7C4FD56F7}.Release|Any CPU.ActiveCfg = Release|Any CPU
        {D3AA15CE-88D3-4FF4-9DD8-29A7C4FD56F7}.Release|Any CPU.Build.0 = Release|Any CPU
    EndGlobalSection
    GlobalSection(SolutionProperties) = preSolution
        HideSolutionNode = FALSE
    EndGlobalSection
    GlobalSection(ExtensibilityGlobals) = postSolution
        SolutionGuid = {8363477C-3D25-42F6-8761-0099B5601C53}
    EndGlobalSection
EndGlobal
